
Microsoft Visual Studio Solution File, Format Version 12.00
# Visual Studio Version 17
VisualStudioVersion = 17.13.35818.85 d17.13
MinimumVisualStudioVersion = 10.0.40219.1
Project("{FAE04EC0-301F-11D3-BF4B-00C04F79EFBC}") = "ProductManager", "ProductManager.csproj", "{9ABF5BCC-01F2-4622-B660-178AF4EE9A7A}"
EndProject
Global
	GlobalSection(SolutionConfigurationPlatforms) = preSolution
		Debug|Any CPU = Debug|Any CPU
		Release|Any CPU = Release|Any CPU
	EndGlobalSection
	GlobalSection(ProjectConfigurationPlatforms) = postSolution
		{9ABF5BCC-01F2-4622-B660-178AF4EE9A7A}.Debug|Any CPU.ActiveCfg = Debug|Any CPU
		{9ABF5BCC-01F2-4622-B660-178AF4EE9A7A}.Debug|Any CPU.Build.0 = Debug|Any CPU
		{9ABF5BCC-01F2-4622-B660-178AF4EE9A7A}.Release|Any CPU.ActiveCfg = Release|Any CPU
		{9ABF5BCC-01F2-4622-B660-178AF4EE9A7A}.Release|Any CPU.Build.0 = Release|Any CPU
	EndGlobalSection
	GlobalSection(SolutionProperties) = preSolution
		HideSolutionNode = FALSE
	EndGlobalSection
	GlobalSection(ExtensibilityGlobals) = postSolution
		SolutionGuid = {5B1449B8-D95E-457F-801A-6E8822415A64}
	EndGlobalSection
EndGlobal
